
Microsoft Visual Studio Solution File, Format Version 11.00
# Visual Studio 2010
Project("{FAE04EC0-301F-11D3-BF4B-00C04F79EFBC}") = "WebService", "WebService.csproj", "{28F51066-1C0F-44E8-96F1-D5245140BFD3}"
EndProject
Global
	GlobalSection(SolutionConfigurationPlatforms) = preSolution
		Debug|Any CPU = Debug|Any CPU
		Release|Any CPU = Release|Any CPU
	EndGlobalSection
	GlobalSection(ProjectConfigurationPlatforms) = postSolution
		{28F51066-1C0F-44E8-96F1-D5245140BFD3}.Debug|Any CPU.ActiveCfg = Debug|Any CPU
		{28F51066-1C0F-44E8-96F1-D5245140BFD3}.Debug|Any CPU.Build.0 = Debug|Any CPU
		{28F51066-1C0F-44E8-96F1-D5245140BFD3}.Release|Any CPU.ActiveCfg = Release|Any CPU
		{28F51066-1C0F-44E8-96F1-D5245140BFD3}.Release|Any CPU.Build.0 = Release|Any CPU
	EndGlobalSection
	GlobalSection(SolutionProperties) = preSolution
		HideSolutionNode = FALSE
	EndGlobalSection
EndGlobal
